
Microsoft Visual Studio Solution File, Format Version 12.00
# Visual Studio Version 17
VisualStudioVersion = 17.4.33103.184
MinimumVisualStudioVersion = 10.0.40219.1
Project("{FAE04EC0-301F-11D3-BF4B-00C04F79EFBC}") = "WindowsFormsApp7", "WindowsFormsApp7\WindowsFormsApp7.csproj", "{8B447022-2D75-4421-9BD2-1F9CFEE2ADD9}"
EndProject
Global
	GlobalSection(SolutionConfigurationPlatforms) = preSolution
		Debug|Any CPU = Debug|Any CPU
		Release|Any CPU = Release|Any CPU
	EndGlobalSection
	GlobalSection(ProjectConfigurationPlatforms) = postSolution
		{8B447022-2D75-4421-9BD2-1F9CFEE2ADD9}.Debug|Any CPU.ActiveCfg = Debug|Any CPU
		{8B447022-2D75-4421-9BD2-1F9CFEE2ADD9}.Debug|Any CPU.Build.0 = Debug|Any CPU
		{8B447022-2D75-4421-9BD2-1F9CFEE2ADD9}.Release|Any CPU.ActiveCfg = Release|Any CPU
		{8B447022-2D75-4421-9BD2-1F9CFEE2ADD9}.Release|Any CPU.Build.0 = Release|Any CPU
	EndGlobalSection
	GlobalSection(SolutionProperties) = preSolution
		HideSolutionNode = FALSE
	EndGlobalSection
	GlobalSection(ExtensibilityGlobals) = postSolution
		SolutionGuid = {B4021339-CFEB-4C46-A682-28ECC308DFC6}
	EndGlobalSection
EndGlobal
